
Microsoft Visual Studio Solution File, Format Version 12.00
# Visual Studio Version 16
VisualStudioVersion = 16.0.31911.196
MinimumVisualStudioVersion = 10.0.40219.1
Project("{FAE04EC0-301F-11D3-BF4B-00C04F79EFBC}") = "Giercownia", "Giercownia\Giercownia.csproj", "{2FBED78B-C390-4A9F-A758-366B374AD845}"
EndProject
Project("{FAE04EC0-301F-11D3-BF4B-00C04F79EFBC}") = "SpeechControl", "SpeechControl\SpeechControl.csproj", "{9E1EB232-3333-4853-BB2B-B07AF6BA9885}"
EndProject
Global
	GlobalSection(SolutionConfigurationPlatforms) = preSolution
		Debug|Any CPU = Debug|Any CPU
		Release|Any CPU = Release|Any CPU
	EndGlobalSection
	GlobalSection(ProjectConfigurationPlatforms) = postSolution
		{2FBED78B-C390-4A9F-A758-366B374AD845}.Debug|Any CPU.ActiveCfg = Debug|Any CPU
		{2FBED78B-C390-4A9F-A758-366B374AD845}.Debug|Any CPU.Build.0 = Debug|Any CPU
		{2FBED78B-C390-4A9F-A758-366B374AD845}.Release|Any CPU.ActiveCfg = Release|Any CPU
		{2FBED78B-C390-4A9F-A758-366B374AD845}.Release|Any CPU.Build.0 = Release|Any CPU
		{9E1EB232-3333-4853-BB2B-B07AF6BA9885}.Debug|Any CPU.ActiveCfg = Debug|Any CPU
		{9E1EB232-3333-4853-BB2B-B07AF6BA9885}.Debug|Any CPU.Build.0 = Debug|Any CPU
		{9E1EB232-3333-4853-BB2B-B07AF6BA9885}.Release|Any CPU.ActiveCfg = Release|Any CPU
		{9E1EB232-3333-4853-BB2B-B07AF6BA9885}.Release|Any CPU.Build.0 = Release|Any CPU
	EndGlobalSection
	GlobalSection(SolutionProperties) = preSolution
		HideSolutionNode = FALSE
	EndGlobalSection
	GlobalSection(ExtensibilityGlobals) = postSolution
		SolutionGuid = {EDA4382D-3522-46FC-AC93-28FEB2EAE2FC}
	EndGlobalSection
EndGlobal
